
Microsoft Visual Studio Solution File, Format Version 12.00
# Visual Studio Version 17
VisualStudioVersion = 17.5.2.0
MinimumVisualStudioVersion = 10.0.40219.1
Project("{FAE04EC0-301F-11D3-BF4B-00C04F79EFBC}") = "ProjectA", "ProjectA.csproj", "{B6EC72B9-EBEF-742A-E170-7E6FAD5EB048}"
EndProject
Global
	GlobalSection(SolutionConfigurationPlatforms) = preSolution
		Debug|Any CPU = Debug|Any CPU
		Debug|x64 = Debug|x64
		Debug|x86 = Debug|x86
		Release|Any CPU = Release|Any CPU
		Release|x64 = Release|x64
		Release|x86 = Release|x86
	EndGlobalSection
	GlobalSection(ProjectConfigurationPlatforms) = postSolution
		{B6EC72B9-EBEF-742A-E170-7E6FAD5EB048}.Debug|Any CPU.ActiveCfg = Debug|Any CPU
		{B6EC72B9-EBEF-742A-E170-7E6FAD5EB048}.Debug|Any CPU.Build.0 = Debug|Any CPU
		{B6EC72B9-EBEF-742A-E170-7E6FAD5EB048}.Debug|x64.ActiveCfg = Debug|Any CPU
		{B6EC72B9-EBEF-742A-E170-7E6FAD5EB048}.Debug|x64.Build.0 = Debug|Any CPU
		{B6EC72B9-EBEF-742A-E170-7E6FAD5EB048}.Debug|x86.ActiveCfg = Debug|Any CPU
		{B6EC72B9-EBEF-742A-E170-7E6FAD5EB048}.Debug|x86.Build.0 = Debug|Any CPU
		{B6EC72B9-EBEF-742A-E170-7E6FAD5EB048}.Release|Any CPU.ActiveCfg = Release|Any CPU
		{B6EC72B9-EBEF-742A-E170-7E6FAD5EB048}.Release|Any CPU.Build.0 = Release|Any CPU
		{B6EC72B9-EBEF-742A-E170-7E6FAD5EB048}.Release|x64.ActiveCfg = Release|Any CPU
		{B6EC72B9-EBEF-742A-E170-7E6FAD5EB048}.Release|x64.Build.0 = Release|Any CPU
		{B6EC72B9-EBEF-742A-E170-7E6FAD5EB048}.Release|x86.ActiveCfg = Release|Any CPU
		{B6EC72B9-EBEF-742A-E170-7E6FAD5EB048}.Release|x86.Build.0 = Release|Any CPU
	EndGlobalSection
	GlobalSection(SolutionProperties) = preSolution
		HideSolutionNode = FALSE
	EndGlobalSection
	GlobalSection(ExtensibilityGlobals) = postSolution
		SolutionGuid = {43A5DC1F-D32B-4C8F-A408-5BEAD3B94F98}
	EndGlobalSection
EndGlobal
